# THIS IS AN AUTOGENERATED FILE. DO NOT EDIT THIS FILE DIRECTLY.
# yarn lockfile v1


"@prisma/client@^6.5.0":
  version "6.5.0"
  resolved "https://registry.yarnpkg.com/@prisma/client/-/client-6.5.0.tgz#b5f4aa3820ff523734ef4e8dffe364ac9888369e"
  integrity sha512-M6w1Ql/BeiGoZmhMdAZUXHu5sz5HubyVcKukbLs3l0ELcQb8hTUJxtGEChhv4SVJ0QJlwtLnwOLgIRQhpsm9dw==
